
Microsoft Visual Studio Solution File, Format Version 12.00
# Visual Studio 15
VisualStudioVersion = 15.0.27130.2003
MinimumVisualStudioVersion = 10.0.40219.1
Project("{FAE04EC0-301F-11D3-BF4B-00C04F79EFBC}") = "ANGULAR2_DEMO", "ANGULAR2_DEMO\ANGULAR2_DEMO.csproj", "{46534620-7EA6-4CE4-8E19-93130CC2CF30}"
EndProject
Global
	GlobalSection(SolutionConfigurationPlatforms) = preSolution
		Debug|Any CPU = Debug|Any CPU
		Release|Any CPU = Release|Any CPU
	EndGlobalSection
	GlobalSection(ProjectConfigurationPlatforms) = postSolution
		{46534620-7EA6-4CE4-8E19-93130CC2CF30}.Debug|Any CPU.ActiveCfg = Debug|Any CPU
		{46534620-7EA6-4CE4-8E19-93130CC2CF30}.Debug|Any CPU.Build.0 = Debug|Any CPU
		{46534620-7EA6-4CE4-8E19-93130CC2CF30}.Release|Any CPU.ActiveCfg = Release|Any CPU
		{46534620-7EA6-4CE4-8E19-93130CC2CF30}.Release|Any CPU.Build.0 = Release|Any CPU
	EndGlobalSection
	GlobalSection(SolutionProperties) = preSolution
		HideSolutionNode = FALSE
	EndGlobalSection
	GlobalSection(ExtensibilityGlobals) = postSolution
		SolutionGuid = {24644937-DD2F-4D2A-AF62-B2587C5264DD}
	EndGlobalSection
EndGlobal
